
Microsoft Visual Studio Solution File, Format Version 12.00
Project("{FAE04EC0-301F-11D3-BF4B-00C04F79EFBC}") = "MangoFaaS.AppHost", "src\MangoFaaS.AppHost\MangoFaaS.AppHost.csproj", "{B3B9CDCD-384A-480D-8BC7-0A2FDF55EF75}"
EndProject
Project("{FAE04EC0-301F-11D3-BF4B-00C04F79EFBC}") = "MangoFaaS.ServiceDefaults", "src\MangoFaaS.ServiceDefaults\MangoFaaS.ServiceDefaults.csproj", "{E00BB469-C96E-4137-8525-FFE662291624}"
EndProject
Project("{FAE04EC0-301F-11D3-BF4B-00C04F79EFBC}") = "MangoFaaS.Gateway", "src\MangoFaaS.Gateway\MangoFaaS.Gateway.csproj", "{C87B7A50-1794-40C9-BF85-6FCD08105382}"
EndProject
Project("{FAE04EC0-301F-11D3-BF4B-00C04F79EFBC}") = "MangoFaaS.Models", "src\MangoFaaS.Models\MangoFaaS.Models.csproj", "{5F1F6960-81A6-47B8-BB29-3220678EE24E}"
EndProject
Project("{FAE04EC0-301F-11D3-BF4B-00C04F79EFBC}") = "MangoFaaS.Firecracker.API", "src\MangoFaaS.Firecracker.API\MangoFaaS.Firecracker.API.csproj", "{71B52B1D-252B-41CC-971C-9D3428FA66A4}"
EndProject
Project("{FAE04EC0-301F-11D3-BF4B-00C04F79EFBC}") = "MangoFaaS.Firecracker.Node", "src\MangoFaaS.Firecracker.Node\MangoFaaS.Firecracker.Node.csproj", "{DEB2446F-E449-449C-900C-A6E9CA07A5AD}"
EndProject
Project("{FAE04EC0-301F-11D3-BF4B-00C04F79EFBC}") = "MangoFaaS.Functions", "src\MangoFaaS.Functions\MangoFaaS.Functions.csproj", "{6186D5E2-ECA5-4823-BBE8-0EBF0C33F1E4}"
EndProject
Project("{FAE04EC0-301F-11D3-BF4B-00C04F79EFBC}") = "MangoFaaS.Authorization", "src\MangoFaaS.Authorization\MangoFaaS.Authorization.csproj", "{FAEC5F7A-67AF-4922-840F-810A87823F38}"
EndProject
Project("{FAE04EC0-301F-11D3-BF4B-00C04F79EFBC}") = "MangoFaaS.IPAM", "src\MangoFaaS.IPAM\MangoFaaS.IPAM.csproj", "{755120E1-B9D7-4962-B66D-144E2819EA4D}"
EndProject
Project("{FAE04EC0-301F-11D3-BF4B-00C04F79EFBC}") = "MangoFaaS.IPAM.Tests", "tests\MangoFaaS.IPAM.Tests\MangoFaaS.IPAM.Tests.csproj", "{F0E3E4F1-1234-4F6C-9A71-61A1C8E2A9AB}"
EndProject
Project("{FAE04EC0-301F-11D3-BF4B-00C04F79EFBC}") = "MangoFaaS.Common", "src\MangoFaaS.Common\MangoFaaS.Common.csproj", "{95AC37FF-1001-4747-98C8-6BED84E3D90A}"
EndProject
Global
	GlobalSection(SolutionConfigurationPlatforms) = preSolution
		Debug|Any CPU = Debug|Any CPU
		Debug|x64 = Debug|x64
		Debug|x86 = Debug|x86
		Release|Any CPU = Release|Any CPU
		Release|x64 = Release|x64
		Release|x86 = Release|x86
	EndGlobalSection
	GlobalSection(ProjectConfigurationPlatforms) = postSolution
		{B3B9CDCD-384A-480D-8BC7-0A2FDF55EF75}.Debug|Any CPU.ActiveCfg = Debug|Any CPU
		{B3B9CDCD-384A-480D-8BC7-0A2FDF55EF75}.Debug|Any CPU.Build.0 = Debug|Any CPU
		{B3B9CDCD-384A-480D-8BC7-0A2FDF55EF75}.Debug|x64.ActiveCfg = Debug|Any CPU
		{B3B9CDCD-384A-480D-8BC7-0A2FDF55EF75}.Debug|x64.Build.0 = Debug|Any CPU
		{B3B9CDCD-384A-480D-8BC7-0A2FDF55EF75}.Debug|x86.ActiveCfg = Debug|Any CPU
		{B3B9CDCD-384A-480D-8BC7-0A2FDF55EF75}.Debug|x86.Build.0 = Debug|Any CPU
		{B3B9CDCD-384A-480D-8BC7-0A2FDF55EF75}.Release|Any CPU.ActiveCfg = Release|Any CPU
		{B3B9CDCD-384A-480D-8BC7-0A2FDF55EF75}.Release|Any CPU.Build.0 = Release|Any CPU
		{B3B9CDCD-384A-480D-8BC7-0A2FDF55EF75}.Release|x64.ActiveCfg = Release|Any CPU
		{B3B9CDCD-384A-480D-8BC7-0A2FDF55EF75}.Release|x64.Build.0 = Release|Any CPU
		{B3B9CDCD-384A-480D-8BC7-0A2FDF55EF75}.Release|x86.ActiveCfg = Release|Any CPU
		{B3B9CDCD-384A-480D-8BC7-0A2FDF55EF75}.Release|x86.Build.0 = Release|Any CPU
		{E00BB469-C96E-4137-8525-FFE662291624}.Debug|Any CPU.ActiveCfg = Debug|Any CPU
		{E00BB469-C96E-4137-8525-FFE662291624}.Debug|Any CPU.Build.0 = Debug|Any CPU
		{E00BB469-C96E-4137-8525-FFE662291624}.Debug|x64.ActiveCfg = Debug|Any CPU
		{E00BB469-C96E-4137-8525-FFE662291624}.Debug|x64.Build.0 = Debug|Any CPU
		{E00BB469-C96E-4137-8525-FFE662291624}.Debug|x86.ActiveCfg = Debug|Any CPU
		{E00BB469-C96E-4137-8525-FFE662291624}.Debug|x86.Build.0 = Debug|Any CPU
		{E00BB469-C96E-4137-8525-FFE662291624}.Release|Any CPU.ActiveCfg = Release|Any CPU
		{E00BB469-C96E-4137-8525-FFE662291624}.Release|Any CPU.Build.0 = Release|Any CPU
		{E00BB469-C96E-4137-8525-FFE662291624}.Release|x64.ActiveCfg = Release|Any CPU
		{E00BB469-C96E-4137-8525-FFE662291624}.Release|x64.Build.0 = Release|Any CPU
		{E00BB469-C96E-4137-8525-FFE662291624}.Release|x86.ActiveCfg = Release|Any CPU
		{E00BB469-C96E-4137-8525-FFE662291624}.Release|x86.Build.0 = Release|Any CPU
		{C87B7A50-1794-40C9-BF85-6FCD08105382}.Debug|Any CPU.ActiveCfg = Debug|Any CPU
		{C87B7A50-1794-40C9-BF85-6FCD08105382}.Debug|Any CPU.Build.0 = Debug|Any CPU
		{C87B7A50-1794-40C9-BF85-6FCD08105382}.Debug|x64.ActiveCfg = Debug|Any CPU
		{C87B7A50-1794-40C9-BF85-6FCD08105382}.Debug|x64.Build.0 = Debug|Any CPU
		{C87B7A50-1794-40C9-BF85-6FCD08105382}.Debug|x86.ActiveCfg = Debug|Any CPU
		{C87B7A50-1794-40C9-BF85-6FCD08105382}.Debug|x86.Build.0 = Debug|Any CPU
		{C87B7A50-1794-40C9-BF85-6FCD08105382}.Release|Any CPU.ActiveCfg = Release|Any CPU
		{C87B7A50-1794-40C9-BF85-6FCD08105382}.Release|Any CPU.Build.0 = Release|Any CPU
		{C87B7A50-1794-40C9-BF85-6FCD08105382}.Release|x64.ActiveCfg = Release|Any CPU
		{C87B7A50-1794-40C9-BF85-6FCD08105382}.Release|x64.Build.0 = Release|Any CPU
		{C87B7A50-1794-40C9-BF85-6FCD08105382}.Release|x86.ActiveCfg = Release|Any CPU
		{C87B7A50-1794-40C9-BF85-6FCD08105382}.Release|x86.Build.0 = Release|Any CPU
		{5F1F6960-81A6-47B8-BB29-3220678EE24E}.Debug|Any CPU.ActiveCfg = Debug|Any CPU
		{5F1F6960-81A6-47B8-BB29-3220678EE24E}.Debug|Any CPU.Build.0 = Debug|Any CPU
		{5F1F6960-81A6-47B8-BB29-3220678EE24E}.Debug|x64.ActiveCfg = Debug|Any CPU
		{5F1F6960-81A6-47B8-BB29-3220678EE24E}.Debug|x64.Build.0 = Debug|Any CPU
		{5F1F6960-81A6-47B8-BB29-3220678EE24E}.Debug|x86.ActiveCfg = Debug|Any CPU
		{5F1F6960-81A6-47B8-BB29-3220678EE24E}.Debug|x86.Build.0 = Debug|Any CPU
		{5F1F6960-81A6-47B8-BB29-3220678EE24E}.Release|Any CPU.ActiveCfg = Release|Any CPU
		{5F1F6960-81A6-47B8-BB29-3220678EE24E}.Release|Any CPU.Build.0 = Release|Any CPU
		{5F1F6960-81A6-47B8-BB29-3220678EE24E}.Release|x64.ActiveCfg = Release|Any CPU
		{5F1F6960-81A6-47B8-BB29-3220678EE24E}.Release|x64.Build.0 = Release|Any CPU
		{5F1F6960-81A6-47B8-BB29-3220678EE24E}.Release|x86.ActiveCfg = Release|Any CPU
		{5F1F6960-81A6-47B8-BB29-3220678EE24E}.Release|x86.Build.0 = Release|Any CPU
		{71B52B1D-252B-41CC-971C-9D3428FA66A4}.Debug|Any CPU.ActiveCfg = Debug|Any CPU
		{71B52B1D-252B-41CC-971C-9D3428FA66A4}.Debug|Any CPU.Build.0 = Debug|Any CPU
		{71B52B1D-252B-41CC-971C-9D3428FA66A4}.Debug|x64.ActiveCfg = Debug|Any CPU
		{71B52B1D-252B-41CC-971C-9D3428FA66A4}.Debug|x64.Build.0 = Debug|Any CPU
		{71B52B1D-252B-41CC-971C-9D3428FA66A4}.Debug|x86.ActiveCfg = Debug|Any CPU
		{71B52B1D-252B-41CC-971C-9D3428FA66A4}.Debug|x86.Build.0 = Debug|Any CPU
		{71B52B1D-252B-41CC-971C-9D3428FA66A4}.Release|Any CPU.ActiveCfg = Release|Any CPU
		{71B52B1D-252B-41CC-971C-9D3428FA66A4}.Release|Any CPU.Build.0 = Release|Any CPU
		{71B52B1D-252B-41CC-971C-9D3428FA66A4}.Release|x64.ActiveCfg = Release|Any CPU
		{71B52B1D-252B-41CC-971C-9D3428FA66A4}.Release|x64.Build.0 = Release|Any CPU
		{71B52B1D-252B-41CC-971C-9D3428FA66A4}.Release|x86.ActiveCfg = Release|Any CPU
		{71B52B1D-252B-41CC-971C-9D3428FA66A4}.Release|x86.Build.0 = Release|Any CPU
		{DEB2446F-E449-449C-900C-A6E9CA07A5AD}.Debug|Any CPU.ActiveCfg = Debug|Any CPU
		{DEB2446F-E449-449C-900C-A6E9CA07A5AD}.Debug|Any CPU.Build.0 = Debug|Any CPU
		{DEB2446F-E449-449C-900C-A6E9CA07A5AD}.Debug|x64.ActiveCfg = Debug|Any CPU
		{DEB2446F-E449-449C-900C-A6E9CA07A5AD}.Debug|x64.Build.0 = Debug|Any CPU
		{DEB2446F-E449-449C-900C-A6E9CA07A5AD}.Debug|x86.ActiveCfg = Debug|Any CPU
		{DEB2446F-E449-449C-900C-A6E9CA07A5AD}.Debug|x86.Build.0 = Debug|Any CPU
		{DEB2446F-E449-449C-900C-A6E9CA07A5AD}.Release|Any CPU.ActiveCfg = Release|Any CPU
		{DEB2446F-E449-449C-900C-A6E9CA07A5AD}.Release|Any CPU.Build.0 = Release|Any CPU
		{DEB2446F-E449-449C-900C-A6E9CA07A5AD}.Release|x64.ActiveCfg = Release|Any CPU
		{DEB2446F-E449-449C-900C-A6E9CA07A5AD}.Release|x64.Build.0 = Release|Any CPU
		{DEB2446F-E449-449C-900C-A6E9CA07A5AD}.Release|x86.ActiveCfg = Release|Any CPU
		{DEB2446F-E449-449C-900C-A6E9CA07A5AD}.Release|x86.Build.0 = Release|Any CPU
		{6186D5E2-ECA5-4823-BBE8-0EBF0C33F1E4}.Debug|Any CPU.ActiveCfg = Debug|Any CPU
		{6186D5E2-ECA5-4823-BBE8-0EBF0C33F1E4}.Debug|Any CPU.Build.0 = Debug|Any CPU
		{6186D5E2-ECA5-4823-BBE8-0EBF0C33F1E4}.Debug|x64.ActiveCfg = Debug|Any CPU
		{6186D5E2-ECA5-4823-BBE8-0EBF0C33F1E4}.Debug|x64.Build.0 = Debug|Any CPU
		{6186D5E2-ECA5-4823-BBE8-0EBF0C33F1E4}.Debug|x86.ActiveCfg = Debug|Any CPU
		{6186D5E2-ECA5-4823-BBE8-0EBF0C33F1E4}.Debug|x86.Build.0 = Debug|Any CPU
		{6186D5E2-ECA5-4823-BBE8-0EBF0C33F1E4}.Release|Any CPU.ActiveCfg = Release|Any CPU
		{6186D5E2-ECA5-4823-BBE8-0EBF0C33F1E4}.Release|Any CPU.Build.0 = Release|Any CPU
		{6186D5E2-ECA5-4823-BBE8-0EBF0C33F1E4}.Release|x64.ActiveCfg = Release|Any CPU
		{6186D5E2-ECA5-4823-BBE8-0EBF0C33F1E4}.Release|x64.Build.0 = Release|Any CPU
		{6186D5E2-ECA5-4823-BBE8-0EBF0C33F1E4}.Release|x86.ActiveCfg = Release|Any CPU
		{6186D5E2-ECA5-4823-BBE8-0EBF0C33F1E4}.Release|x86.Build.0 = Release|Any CPU
		{FAEC5F7A-67AF-4922-840F-810A87823F38}.Debug|Any CPU.ActiveCfg = Debug|Any CPU
		{FAEC5F7A-67AF-4922-840F-810A87823F38}.Debug|Any CPU.Build.0 = Debug|Any CPU
		{FAEC5F7A-67AF-4922-840F-810A87823F38}.Debug|x64.ActiveCfg = Debug|Any CPU
		{FAEC5F7A-67AF-4922-840F-810A87823F38}.Debug|x64.Build.0 = Debug|Any CPU
		{FAEC5F7A-67AF-4922-840F-810A87823F38}.Debug|x86.ActiveCfg = Debug|Any CPU
		{FAEC5F7A-67AF-4922-840F-810A87823F38}.Debug|x86.Build.0 = Debug|Any CPU
		{FAEC5F7A-67AF-4922-840F-810A87823F38}.Release|Any CPU.ActiveCfg = Release|Any CPU
		{FAEC5F7A-67AF-4922-840F-810A87823F38}.Release|Any CPU.Build.0 = Release|Any CPU
		{FAEC5F7A-67AF-4922-840F-810A87823F38}.Release|x64.ActiveCfg = Release|Any CPU
		{FAEC5F7A-67AF-4922-840F-810A87823F38}.Release|x64.Build.0 = Release|Any CPU
		{FAEC5F7A-67AF-4922-840F-810A87823F38}.Release|x86.ActiveCfg = Release|Any CPU
		{FAEC5F7A-67AF-4922-840F-810A87823F38}.Release|x86.Build.0 = Release|Any CPU
	EndGlobalSection
	GlobalSection(SolutionProperties) = preSolution
		HideSolutionNode = FALSE
		{755120E1-B9D7-4962-B66D-144E2819EA4D}.Debug|Any CPU.ActiveCfg = Debug|Any CPU
		{755120E1-B9D7-4962-B66D-144E2819EA4D}.Debug|Any CPU.Build.0 = Debug|Any CPU
		{755120E1-B9D7-4962-B66D-144E2819EA4D}.Release|Any CPU.ActiveCfg = Release|Any CPU
		{755120E1-B9D7-4962-B66D-144E2819EA4D}.Release|Any CPU.Build.0 = Release|Any CPU
		{F0E3E4F1-1234-4F6C-9A71-61A1C8E2A9AB}.Debug|Any CPU.ActiveCfg = Debug|Any CPU
		{F0E3E4F1-1234-4F6C-9A71-61A1C8E2A9AB}.Debug|Any CPU.Build.0 = Debug|Any CPU
		{F0E3E4F1-1234-4F6C-9A71-61A1C8E2A9AB}.Release|Any CPU.ActiveCfg = Release|Any CPU
		{F0E3E4F1-1234-4F6C-9A71-61A1C8E2A9AB}.Release|Any CPU.Build.0 = Release|Any CPU
		{95AC37FF-1001-4747-98C8-6BED84E3D90A}.Debug|Any CPU.ActiveCfg = Debug|Any CPU
		{95AC37FF-1001-4747-98C8-6BED84E3D90A}.Debug|Any CPU.Build.0 = Debug|Any CPU
		{95AC37FF-1001-4747-98C8-6BED84E3D90A}.Release|Any CPU.ActiveCfg = Release|Any CPU
		{95AC37FF-1001-4747-98C8-6BED84E3D90A}.Release|Any CPU.Build.0 = Release|Any CPU
	EndGlobalSection
EndGlobal
